
Microsoft Visual Studio Solution File, Format Version 12.00
# Visual Studio Version 16
VisualStudioVersion = 16.0.32602.291
MinimumVisualStudioVersion = 10.0.40219.1
Project("{FAE04EC0-301F-11D3-BF4B-00C04F79EFBC}") = "CursoAPIRest", "CursoAPIRest\CursoAPIRest.csproj", "{8BEC6DC8-4770-46C2-9757-7C5D3BD4A7DD}"
EndProject
Global
	GlobalSection(SolutionConfigurationPlatforms) = preSolution
		Debug|Any CPU = Debug|Any CPU
		Release|Any CPU = Release|Any CPU
	EndGlobalSection
	GlobalSection(ProjectConfigurationPlatforms) = postSolution
		{8BEC6DC8-4770-46C2-9757-7C5D3BD4A7DD}.Debug|Any CPU.ActiveCfg = Debug|Any CPU
		{8BEC6DC8-4770-46C2-9757-7C5D3BD4A7DD}.Debug|Any CPU.Build.0 = Debug|Any CPU
		{8BEC6DC8-4770-46C2-9757-7C5D3BD4A7DD}.Release|Any CPU.ActiveCfg = Release|Any CPU
		{8BEC6DC8-4770-46C2-9757-7C5D3BD4A7DD}.Release|Any CPU.Build.0 = Release|Any CPU
	EndGlobalSection
	GlobalSection(SolutionProperties) = preSolution
		HideSolutionNode = FALSE
	EndGlobalSection
	GlobalSection(ExtensibilityGlobals) = postSolution
		SolutionGuid = {249FA160-9ABA-408B-9FAA-BE9A45318B24}
	EndGlobalSection
EndGlobal
